
Microsoft Visual Studio Solution File, Format Version 12.00
# Visual Studio Version 16
VisualStudioVersion = 16.0.31129.286
MinimumVisualStudioVersion = 15.0.26124.0
Project("{6EC3EE1D-3C4E-46DD-8F32-0CC8E7565705}") = "LightSolutionManager", "LightSolutionManager\LightSolutionManager.fsproj", "{E65DC514-ED98-42BA-BB0F-B2B4FB7E3CFC}"
EndProject
Global
	GlobalSection(SolutionConfigurationPlatforms) = preSolution
		Debug|Any CPU = Debug|Any CPU
		Debug|x64 = Debug|x64
		Debug|x86 = Debug|x86
		Release|Any CPU = Release|Any CPU
		Release|x64 = Release|x64
		Release|x86 = Release|x86
	EndGlobalSection
	GlobalSection(ProjectConfigurationPlatforms) = postSolution
		{E65DC514-ED98-42BA-BB0F-B2B4FB7E3CFC}.Debug|Any CPU.ActiveCfg = Debug|Any CPU
		{E65DC514-ED98-42BA-BB0F-B2B4FB7E3CFC}.Debug|Any CPU.Build.0 = Debug|Any CPU
		{E65DC514-ED98-42BA-BB0F-B2B4FB7E3CFC}.Debug|x64.ActiveCfg = Debug|Any CPU
		{E65DC514-ED98-42BA-BB0F-B2B4FB7E3CFC}.Debug|x64.Build.0 = Debug|Any CPU
		{E65DC514-ED98-42BA-BB0F-B2B4FB7E3CFC}.Debug|x86.ActiveCfg = Debug|Any CPU
		{E65DC514-ED98-42BA-BB0F-B2B4FB7E3CFC}.Debug|x86.Build.0 = Debug|Any CPU
		{E65DC514-ED98-42BA-BB0F-B2B4FB7E3CFC}.Release|Any CPU.ActiveCfg = Release|Any CPU
		{E65DC514-ED98-42BA-BB0F-B2B4FB7E3CFC}.Release|Any CPU.Build.0 = Release|Any CPU
		{E65DC514-ED98-42BA-BB0F-B2B4FB7E3CFC}.Release|x64.ActiveCfg = Release|Any CPU
		{E65DC514-ED98-42BA-BB0F-B2B4FB7E3CFC}.Release|x64.Build.0 = Release|Any CPU
		{E65DC514-ED98-42BA-BB0F-B2B4FB7E3CFC}.Release|x86.ActiveCfg = Release|Any CPU
		{E65DC514-ED98-42BA-BB0F-B2B4FB7E3CFC}.Release|x86.Build.0 = Release|Any CPU
	EndGlobalSection
	GlobalSection(SolutionProperties) = preSolution
		HideSolutionNode = FALSE
	EndGlobalSection
	GlobalSection(ExtensibilityGlobals) = postSolution
		SolutionGuid = {8B78DDE4-1158-4B1E-A5E6-4F24CF2D5989}
	EndGlobalSection
EndGlobal
